
Microsoft Visual Studio Solution File, Format Version 12.00
# Visual Studio 15
VisualStudioVersion = 15.0.27703.2047
MinimumVisualStudioVersion = 10.0.40219.1
Project("{9092AA53-FB77-4645-B42D-1CCCA6BD08BD}") = "TypeScript Example Project", "TypeScript Example Project\TypeScript Example Project.njsproj", "{52AF7D52-8C4C-4169-9ED9-FA406FE35609}"
EndProject
Global
	GlobalSection(SolutionConfigurationPlatforms) = preSolution
		Debug|Any CPU = Debug|Any CPU
		Release|Any CPU = Release|Any CPU
	EndGlobalSection
	GlobalSection(ProjectConfigurationPlatforms) = postSolution
		{52AF7D52-8C4C-4169-9ED9-FA406FE35609}.Debug|Any CPU.ActiveCfg = Debug|Any CPU
		{52AF7D52-8C4C-4169-9ED9-FA406FE35609}.Debug|Any CPU.Build.0 = Debug|Any CPU
		{52AF7D52-8C4C-4169-9ED9-FA406FE35609}.Release|Any CPU.ActiveCfg = Release|Any CPU
		{52AF7D52-8C4C-4169-9ED9-FA406FE35609}.Release|Any CPU.Build.0 = Release|Any CPU
	EndGlobalSection
	GlobalSection(SolutionProperties) = preSolution
		HideSolutionNode = FALSE
	EndGlobalSection
	GlobalSection(ExtensibilityGlobals) = postSolution
		SolutionGuid = {F10A038B-7B92-4A31-9233-C827FDE52A6B}
	EndGlobalSection
EndGlobal
